
Microsoft Visual Studio Solution File, Format Version 12.00
# Visual Studio 15
VisualStudioVersion = 15.0.27703.2042
MinimumVisualStudioVersion = 10.0.40219.1
Project("{2150E333-8FDC-42A3-9474-1A3956D46DE8}") = "01_光栅基础", "01_光栅基础", "{2E25A9A8-4E5B-49D3-9D6F-572F36F041B8}"
EndProject
Project("{8BC9CEB8-8B4A-11D0-8D11-00A0C91BC942}") = "01_windows窗口", "01_windows窗口\01_windows窗口.vcxproj", "{68D649AB-BF92-4F58-B1A1-5453B83EBD86}"
EndProject
Project("{8BC9CEB8-8B4A-11D0-8D11-00A0C91BC942}") = "02_windows窗口", "02_windows窗口\02_windows窗口.vcxproj", "{71064908-89E3-48A9-9347-AD2CA6E21309}"
EndProject
Project("{8BC9CEB8-8B4A-11D0-8D11-00A0C91BC942}") = "03_点", "03_点\03_点.vcxproj", "{3B8D4C4C-4C22-41A1-B86D-5E7ECEA40F79}"
EndProject
Project("{8BC9CEB8-8B4A-11D0-8D11-00A0C91BC942}") = "04_点改进", "04_点改进\04_点改进.vcxproj", "{C3AB253C-8000-450F-A8AA-4710DA30B407}"
EndProject
Project("{8BC9CEB8-8B4A-11D0-8D11-00A0C91BC942}") = "05_线", "05_线\05_线.vcxproj", "{DE4AAAD1-A500-48B9-9A23-52A8B8908CBA}"
EndProject
Project("{8BC9CEB8-8B4A-11D0-8D11-00A0C91BC942}") = "06_线优化", "06_线优化\06_线优化.vcxproj", "{E7C78427-8B39-486B-9C67-DF3654F0D431}"
EndProject
Project("{8BC9CEB8-8B4A-11D0-8D11-00A0C91BC942}") = "07_渐变线", "07_渐变线\07_渐变线.vcxproj", "{2665E8CA-698D-4763-BCE6-E309D2DE462E}"
EndProject
Project("{8BC9CEB8-8B4A-11D0-8D11-00A0C91BC942}") = "08_多种绘制", "08_多种绘制\08_多种绘制.vcxproj", "{D32FE2F3-5252-4A3D-A4BA-CE11A5652E08}"
EndProject
Project("{8BC9CEB8-8B4A-11D0-8D11-00A0C91BC942}") = "09_贝塞尔曲线", "09_贝塞尔曲线\09_贝塞尔曲线.vcxproj", "{AD42BE1F-1CB0-4387-9AEE-2AA6ACAF03A6}"
EndProject
Project("{8BC9CEB8-8B4A-11D0-8D11-00A0C91BC942}") = "10_矩形绘制", "10_矩形绘制\10_矩形绘制.vcxproj", "{518B4845-7166-43CC-94FC-3EADCBA5720D}"
EndProject
Project("{8BC9CEB8-8B4A-11D0-8D11-00A0C91BC942}") = "11_rectEX", "11_rectEX\11_rectEX.vcxproj", "{D20744DE-FDEA-4D5D-9DCF-07F033A48B4E}"
EndProject
Project("{8BC9CEB8-8B4A-11D0-8D11-00A0C91BC942}") = "12_rect_color", "12_rect_color\12_rect_color.vcxproj", "{C4461F07-6C66-4E12-BBC9-4AA6DE0C1864}"
EndProject
Project("{8BC9CEB8-8B4A-11D0-8D11-00A0C91BC942}") = "13_triangle", "13_triangle\13_triangle.vcxproj", "{8CC62DFC-EDA2-41B7-AB42-24A5D3E29C02}"
EndProject
Project("{8BC9CEB8-8B4A-11D0-8D11-00A0C91BC942}") = "14_trlangle-span", "14_trlangle-span\14_trlangle-span.vcxproj", "{A178E36D-193C-4F87-AA42-39B887771A24}"
EndProject
Project("{2150E333-8FDC-42A3-9474-1A3956D46DE8}") = "02_光栅图像", "02_光栅图像", "{3B77033D-D841-4179-AAEB-B96960E5C123}"
EndProject
Project("{8BC9CEB8-8B4A-11D0-8D11-00A0C91BC942}") = "01_drawImage", "01_drawImage\01_drawImage.vcxproj", "{49BF7CAE-8D2B-4EBC-9BD4-D05523E3B207}"
EndProject
Global
	GlobalSection(SolutionConfigurationPlatforms) = preSolution
		Debug|ARM = Debug|ARM
		Debug|x64 = Debug|x64
		Debug|x86 = Debug|x86
		Release|ARM = Release|ARM
		Release|x64 = Release|x64
		Release|x86 = Release|x86
	EndGlobalSection
	GlobalSection(ProjectConfigurationPlatforms) = postSolution
		{68D649AB-BF92-4F58-B1A1-5453B83EBD86}.Debug|ARM.ActiveCfg = Debug|Win32
		{68D649AB-BF92-4F58-B1A1-5453B83EBD86}.Debug|x64.ActiveCfg = Debug|x64
		{68D649AB-BF92-4F58-B1A1-5453B83EBD86}.Debug|x64.Build.0 = Debug|x64
		{68D649AB-BF92-4F58-B1A1-5453B83EBD86}.Debug|x86.ActiveCfg = Debug|Win32
		{68D649AB-BF92-4F58-B1A1-5453B83EBD86}.Debug|x86.Build.0 = Debug|Win32
		{68D649AB-BF92-4F58-B1A1-5453B83EBD86}.Release|ARM.ActiveCfg = Release|Win32
		{68D649AB-BF92-4F58-B1A1-5453B83EBD86}.Release|x64.ActiveCfg = Release|x64
		{68D649AB-BF92-4F58-B1A1-5453B83EBD86}.Release|x64.Build.0 = Release|x64
		{68D649AB-BF92-4F58-B1A1-5453B83EBD86}.Release|x86.ActiveCfg = Release|Win32
		{68D649AB-BF92-4F58-B1A1-5453B83EBD86}.Release|x86.Build.0 = Release|Win32
		{71064908-89E3-48A9-9347-AD2CA6E21309}.Debug|ARM.ActiveCfg = Debug|Win32
		{71064908-89E3-48A9-9347-AD2CA6E21309}.Debug|x64.ActiveCfg = Debug|x64
		{71064908-89E3-48A9-9347-AD2CA6E21309}.Debug|x64.Build.0 = Debug|x64
		{71064908-89E3-48A9-9347-AD2CA6E21309}.Debug|x86.ActiveCfg = Debug|Win32
		{71064908-89E3-48A9-9347-AD2CA6E21309}.Debug|x86.Build.0 = Debug|Win32
		{71064908-89E3-48A9-9347-AD2CA6E21309}.Release|ARM.ActiveCfg = Release|Win32
		{71064908-89E3-48A9-9347-AD2CA6E21309}.Release|x64.ActiveCfg = Release|x64
		{71064908-89E3-48A9-9347-AD2CA6E21309}.Release|x64.Build.0 = Release|x64
		{71064908-89E3-48A9-9347-AD2CA6E21309}.Release|x86.ActiveCfg = Release|Win32
		{71064908-89E3-48A9-9347-AD2CA6E21309}.Release|x86.Build.0 = Release|Win32
		{3B8D4C4C-4C22-41A1-B86D-5E7ECEA40F79}.Debug|ARM.ActiveCfg = Debug|Win32
		{3B8D4C4C-4C22-41A1-B86D-5E7ECEA40F79}.Debug|x64.ActiveCfg = Debug|x64
		{3B8D4C4C-4C22-41A1-B86D-5E7ECEA40F79}.Debug|x64.Build.0 = Debug|x64
		{3B8D4C4C-4C22-41A1-B86D-5E7ECEA40F79}.Debug|x86.ActiveCfg = Debug|Win32
		{3B8D4C4C-4C22-41A1-B86D-5E7ECEA40F79}.Debug|x86.Build.0 = Debug|Win32
		{3B8D4C4C-4C22-41A1-B86D-5E7ECEA40F79}.Release|ARM.ActiveCfg = Release|Win32
		{3B8D4C4C-4C22-41A1-B86D-5E7ECEA40F79}.Release|x64.ActiveCfg = Release|x64
		{3B8D4C4C-4C22-41A1-B86D-5E7ECEA40F79}.Release|x64.Build.0 = Release|x64
		{3B8D4C4C-4C22-41A1-B86D-5E7ECEA40F79}.Release|x86.ActiveCfg = Release|Win32
		{3B8D4C4C-4C22-41A1-B86D-5E7ECEA40F79}.Release|x86.Build.0 = Release|Win32
		{C3AB253C-8000-450F-A8AA-4710DA30B407}.Debug|ARM.ActiveCfg = Debug|Win32
		{C3AB253C-8000-450F-A8AA-4710DA30B407}.Debug|x64.ActiveCfg = Debug|x64
		{C3AB253C-8000-450F-A8AA-4710DA30B407}.Debug|x64.Build.0 = Debug|x64
		{C3AB253C-8000-450F-A8AA-4710DA30B407}.Debug|x86.ActiveCfg = Debug|Win32
		{C3AB253C-8000-450F-A8AA-4710DA30B407}.Debug|x86.Build.0 = Debug|Win32
		{C3AB253C-8000-450F-A8AA-4710DA30B407}.Release|ARM.ActiveCfg = Release|Win32
		{C3AB253C-8000-450F-A8AA-4710DA30B407}.Release|x64.ActiveCfg = Release|x64
		{C3AB253C-8000-450F-A8AA-4710DA30B407}.Release|x64.Build.0 = Release|x64
		{C3AB253C-8000-450F-A8AA-4710DA30B407}.Release|x86.ActiveCfg = Release|Win32
		{C3AB253C-8000-450F-A8AA-4710DA30B407}.Release|x86.Build.0 = Release|Win32
		{DE4AAAD1-A500-48B9-9A23-52A8B8908CBA}.Debug|ARM.ActiveCfg = Debug|Win32
		{DE4AAAD1-A500-48B9-9A23-52A8B8908CBA}.Debug|x64.ActiveCfg = Debug|x64
		{DE4AAAD1-A500-48B9-9A23-52A8B8908CBA}.Debug|x64.Build.0 = Debug|x64
		{DE4AAAD1-A500-48B9-9A23-52A8B8908CBA}.Debug|x86.ActiveCfg = Debug|Win32
		{DE4AAAD1-A500-48B9-9A23-52A8B8908CBA}.Debug|x86.Build.0 = Debug|Win32
		{DE4AAAD1-A500-48B9-9A23-52A8B8908CBA}.Release|ARM.ActiveCfg = Release|Win32
		{DE4AAAD1-A500-48B9-9A23-52A8B8908CBA}.Release|x64.ActiveCfg = Release|x64
		{DE4AAAD1-A500-48B9-9A23-52A8B8908CBA}.Release|x64.Build.0 = Release|x64
		{DE4AAAD1-A500-48B9-9A23-52A8B8908CBA}.Release|x86.ActiveCfg = Release|Win32
		{DE4AAAD1-A500-48B9-9A23-52A8B8908CBA}.Release|x86.Build.0 = Release|Win32
		{E7C78427-8B39-486B-9C67-DF3654F0D431}.Debug|ARM.ActiveCfg = Debug|Win32
		{E7C78427-8B39-486B-9C67-DF3654F0D431}.Debug|x64.ActiveCfg = Debug|x64
		{E7C78427-8B39-486B-9C67-DF3654F0D431}.Debug|x64.Build.0 = Debug|x64
		{E7C78427-8B39-486B-9C67-DF3654F0D431}.Debug|x86.ActiveCfg = Debug|Win32
		{E7C78427-8B39-486B-9C67-DF3654F0D431}.Debug|x86.Build.0 = Debug|Win32
		{E7C78427-8B39-486B-9C67-DF3654F0D431}.Release|ARM.ActiveCfg = Release|Win32
		{E7C78427-8B39-486B-9C67-DF3654F0D431}.Release|x64.ActiveCfg = Release|x64
		{E7C78427-8B39-486B-9C67-DF3654F0D431}.Release|x64.Build.0 = Release|x64
		{E7C78427-8B39-486B-9C67-DF3654F0D431}.Release|x86.ActiveCfg = Release|Win32
		{E7C78427-8B39-486B-9C67-DF3654F0D431}.Release|x86.Build.0 = Release|Win32
		{2665E8CA-698D-4763-BCE6-E309D2DE462E}.Debug|ARM.ActiveCfg = Debug|Win32
		{2665E8CA-698D-4763-BCE6-E309D2DE462E}.Debug|x64.ActiveCfg = Debug|x64
		{2665E8CA-698D-4763-BCE6-E309D2DE462E}.Debug|x64.Build.0 = Debug|x64
		{2665E8CA-698D-4763-BCE6-E309D2DE462E}.Debug|x86.ActiveCfg = Debug|Win32
		{2665E8CA-698D-4763-BCE6-E309D2DE462E}.Debug|x86.Build.0 = Debug|Win32
		{2665E8CA-698D-4763-BCE6-E309D2DE462E}.Release|ARM.ActiveCfg = Release|Win32
		{2665E8CA-698D-4763-BCE6-E309D2DE462E}.Release|x64.ActiveCfg = Release|x64
		{2665E8CA-698D-4763-BCE6-E309D2DE462E}.Release|x64.Build.0 = Release|x64
		{2665E8CA-698D-4763-BCE6-E309D2DE462E}.Release|x86.ActiveCfg = Release|Win32
		{2665E8CA-698D-4763-BCE6-E309D2DE462E}.Release|x86.Build.0 = Release|Win32
		{D32FE2F3-5252-4A3D-A4BA-CE11A5652E08}.Debug|ARM.ActiveCfg = Debug|Win32
		{D32FE2F3-5252-4A3D-A4BA-CE11A5652E08}.Debug|x64.ActiveCfg = Debug|x64
		{D32FE2F3-5252-4A3D-A4BA-CE11A5652E08}.Debug|x64.Build.0 = Debug|x64
		{D32FE2F3-5252-4A3D-A4BA-CE11A5652E08}.Debug|x86.ActiveCfg = Debug|Win32
		{D32FE2F3-5252-4A3D-A4BA-CE11A5652E08}.Debug|x86.Build.0 = Debug|Win32
		{D32FE2F3-5252-4A3D-A4BA-CE11A5652E08}.Release|ARM.ActiveCfg = Release|Win32
		{D32FE2F3-5252-4A3D-A4BA-CE11A5652E08}.Release|x64.ActiveCfg = Release|x64
		{D32FE2F3-5252-4A3D-A4BA-CE11A5652E08}.Release|x64.Build.0 = Release|x64
		{D32FE2F3-5252-4A3D-A4BA-CE11A5652E08}.Release|x86.ActiveCfg = Release|Win32
		{D32FE2F3-5252-4A3D-A4BA-CE11A5652E08}.Release|x86.Build.0 = Release|Win32
		{AD42BE1F-1CB0-4387-9AEE-2AA6ACAF03A6}.Debug|ARM.ActiveCfg = Debug|Win32
		{AD42BE1F-1CB0-4387-9AEE-2AA6ACAF03A6}.Debug|x64.ActiveCfg = Debug|x64
		{AD42BE1F-1CB0-4387-9AEE-2AA6ACAF03A6}.Debug|x64.Build.0 = Debug|x64
		{AD42BE1F-1CB0-4387-9AEE-2AA6ACAF03A6}.Debug|x86.ActiveCfg = Debug|Win32
		{AD42BE1F-1CB0-4387-9AEE-2AA6ACAF03A6}.Debug|x86.Build.0 = Debug|Win32
		{AD42BE1F-1CB0-4387-9AEE-2AA6ACAF03A6}.Release|ARM.ActiveCfg = Release|Win32
		{AD42BE1F-1CB0-4387-9AEE-2AA6ACAF03A6}.Release|x64.ActiveCfg = Release|x64
		{AD42BE1F-1CB0-4387-9AEE-2AA6ACAF03A6}.Release|x64.Build.0 = Release|x64
		{AD42BE1F-1CB0-4387-9AEE-2AA6ACAF03A6}.Release|x86.ActiveCfg = Release|Win32
		{AD42BE1F-1CB0-4387-9AEE-2AA6ACAF03A6}.Release|x86.Build.0 = Release|Win32
		{518B4845-7166-43CC-94FC-3EADCBA5720D}.Debug|ARM.ActiveCfg = Debug|Win32
		{518B4845-7166-43CC-94FC-3EADCBA5720D}.Debug|x64.ActiveCfg = Debug|x64
		{518B4845-7166-43CC-94FC-3EADCBA5720D}.Debug|x64.Build.0 = Debug|x64
		{518B4845-7166-43CC-94FC-3EADCBA5720D}.Debug|x86.ActiveCfg = Debug|Win32
		{518B4845-7166-43CC-94FC-3EADCBA5720D}.Debug|x86.Build.0 = Debug|Win32
		{518B4845-7166-43CC-94FC-3EADCBA5720D}.Release|ARM.ActiveCfg = Release|Win32
		{518B4845-7166-43CC-94FC-3EADCBA5720D}.Release|x64.ActiveCfg = Release|x64
		{518B4845-7166-43CC-94FC-3EADCBA5720D}.Release|x64.Build.0 = Release|x64
		{518B4845-7166-43CC-94FC-3EADCBA5720D}.Release|x86.ActiveCfg = Release|Win32
		{518B4845-7166-43CC-94FC-3EADCBA5720D}.Release|x86.Build.0 = Release|Win32
		{D20744DE-FDEA-4D5D-9DCF-07F033A48B4E}.Debug|ARM.ActiveCfg = Debug|Win32
		{D20744DE-FDEA-4D5D-9DCF-07F033A48B4E}.Debug|x64.ActiveCfg = Debug|x64
		{D20744DE-FDEA-4D5D-9DCF-07F033A48B4E}.Debug|x64.Build.0 = Debug|x64
		{D20744DE-FDEA-4D5D-9DCF-07F033A48B4E}.Debug|x86.ActiveCfg = Debug|Win32
		{D20744DE-FDEA-4D5D-9DCF-07F033A48B4E}.Debug|x86.Build.0 = Debug|Win32
		{D20744DE-FDEA-4D5D-9DCF-07F033A48B4E}.Release|ARM.ActiveCfg = Release|Win32
		{D20744DE-FDEA-4D5D-9DCF-07F033A48B4E}.Release|x64.ActiveCfg = Release|x64
		{D20744DE-FDEA-4D5D-9DCF-07F033A48B4E}.Release|x64.Build.0 = Release|x64
		{D20744DE-FDEA-4D5D-9DCF-07F033A48B4E}.Release|x86.ActiveCfg = Release|Win32
		{D20744DE-FDEA-4D5D-9DCF-07F033A48B4E}.Release|x86.Build.0 = Release|Win32
		{C4461F07-6C66-4E12-BBC9-4AA6DE0C1864}.Debug|ARM.ActiveCfg = Debug|Win32
		{C4461F07-6C66-4E12-BBC9-4AA6DE0C1864}.Debug|x64.ActiveCfg = Debug|x64
		{C4461F07-6C66-4E12-BBC9-4AA6DE0C1864}.Debug|x64.Build.0 = Debug|x64
		{C4461F07-6C66-4E12-BBC9-4AA6DE0C1864}.Debug|x86.ActiveCfg = Debug|Win32
		{C4461F07-6C66-4E12-BBC9-4AA6DE0C1864}.Debug|x86.Build.0 = Debug|Win32
		{C4461F07-6C66-4E12-BBC9-4AA6DE0C1864}.Release|ARM.ActiveCfg = Release|Win32
		{C4461F07-6C66-4E12-BBC9-4AA6DE0C1864}.Release|x64.ActiveCfg = Release|x64
		{C4461F07-6C66-4E12-BBC9-4AA6DE0C1864}.Release|x64.Build.0 = Release|x64
		{C4461F07-6C66-4E12-BBC9-4AA6DE0C1864}.Release|x86.ActiveCfg = Release|Win32
		{C4461F07-6C66-4E12-BBC9-4AA6DE0C1864}.Release|x86.Build.0 = Release|Win32
		{8CC62DFC-EDA2-41B7-AB42-24A5D3E29C02}.Debug|ARM.ActiveCfg = Debug|Win32
		{8CC62DFC-EDA2-41B7-AB42-24A5D3E29C02}.Debug|x64.ActiveCfg = Debug|x64
		{8CC62DFC-EDA2-41B7-AB42-24A5D3E29C02}.Debug|x64.Build.0 = Debug|x64
		{8CC62DFC-EDA2-41B7-AB42-24A5D3E29C02}.Debug|x86.ActiveCfg = Debug|Win32
		{8CC62DFC-EDA2-41B7-AB42-24A5D3E29C02}.Debug|x86.Build.0 = Debug|Win32
		{8CC62DFC-EDA2-41B7-AB42-24A5D3E29C02}.Release|ARM.ActiveCfg = Release|Win32
		{8CC62DFC-EDA2-41B7-AB42-24A5D3E29C02}.Release|x64.ActiveCfg = Release|x64
		{8CC62DFC-EDA2-41B7-AB42-24A5D3E29C02}.Release|x64.Build.0 = Release|x64
		{8CC62DFC-EDA2-41B7-AB42-24A5D3E29C02}.Release|x86.ActiveCfg = Release|Win32
		{8CC62DFC-EDA2-41B7-AB42-24A5D3E29C02}.Release|x86.Build.0 = Release|Win32
		{A178E36D-193C-4F87-AA42-39B887771A24}.Debug|ARM.ActiveCfg = Debug|Win32
		{A178E36D-193C-4F87-AA42-39B887771A24}.Debug|x64.ActiveCfg = Debug|x64
		{A178E36D-193C-4F87-AA42-39B887771A24}.Debug|x64.Build.0 = Debug|x64
		{A178E36D-193C-4F87-AA42-39B887771A24}.Debug|x86.ActiveCfg = Debug|Win32
		{A178E36D-193C-4F87-AA42-39B887771A24}.Debug|x86.Build.0 = Debug|Win32
		{A178E36D-193C-4F87-AA42-39B887771A24}.Release|ARM.ActiveCfg = Release|Win32
		{A178E36D-193C-4F87-AA42-39B887771A24}.Release|x64.ActiveCfg = Release|x64
		{A178E36D-193C-4F87-AA42-39B887771A24}.Release|x64.Build.0 = Release|x64
		{A178E36D-193C-4F87-AA42-39B887771A24}.Release|x86.ActiveCfg = Release|Win32
		{A178E36D-193C-4F87-AA42-39B887771A24}.Release|x86.Build.0 = Release|Win32
		{49BF7CAE-8D2B-4EBC-9BD4-D05523E3B207}.Debug|ARM.ActiveCfg = Debug|Win32
		{49BF7CAE-8D2B-4EBC-9BD4-D05523E3B207}.Debug|x64.ActiveCfg = Debug|x64
		{49BF7CAE-8D2B-4EBC-9BD4-D05523E3B207}.Debug|x64.Build.0 = Debug|x64
		{49BF7CAE-8D2B-4EBC-9BD4-D05523E3B207}.Debug|x86.ActiveCfg = Debug|Win32
		{49BF7CAE-8D2B-4EBC-9BD4-D05523E3B207}.Debug|x86.Build.0 = Debug|Win32
		{49BF7CAE-8D2B-4EBC-9BD4-D05523E3B207}.Release|ARM.ActiveCfg = Release|Win32
		{49BF7CAE-8D2B-4EBC-9BD4-D05523E3B207}.Release|x64.ActiveCfg = Release|x64
		{49BF7CAE-8D2B-4EBC-9BD4-D05523E3B207}.Release|x64.Build.0 = Release|x64
		{49BF7CAE-8D2B-4EBC-9BD4-D05523E3B207}.Release|x86.ActiveCfg = Release|Win32
		{49BF7CAE-8D2B-4EBC-9BD4-D05523E3B207}.Release|x86.Build.0 = Release|Win32
	EndGlobalSection
	GlobalSection(SolutionProperties) = preSolution
		HideSolutionNode = FALSE
	EndGlobalSection
	GlobalSection(NestedProjects) = preSolution
		{68D649AB-BF92-4F58-B1A1-5453B83EBD86} = {2E25A9A8-4E5B-49D3-9D6F-572F36F041B8}
		{71064908-89E3-48A9-9347-AD2CA6E21309} = {2E25A9A8-4E5B-49D3-9D6F-572F36F041B8}
		{3B8D4C4C-4C22-41A1-B86D-5E7ECEA40F79} = {2E25A9A8-4E5B-49D3-9D6F-572F36F041B8}
		{C3AB253C-8000-450F-A8AA-4710DA30B407} = {2E25A9A8-4E5B-49D3-9D6F-572F36F041B8}
		{DE4AAAD1-A500-48B9-9A23-52A8B8908CBA} = {2E25A9A8-4E5B-49D3-9D6F-572F36F041B8}
		{E7C78427-8B39-486B-9C67-DF3654F0D431} = {2E25A9A8-4E5B-49D3-9D6F-572F36F041B8}
		{2665E8CA-698D-4763-BCE6-E309D2DE462E} = {2E25A9A8-4E5B-49D3-9D6F-572F36F041B8}
		{D32FE2F3-5252-4A3D-A4BA-CE11A5652E08} = {2E25A9A8-4E5B-49D3-9D6F-572F36F041B8}
		{AD42BE1F-1CB0-4387-9AEE-2AA6ACAF03A6} = {2E25A9A8-4E5B-49D3-9D6F-572F36F041B8}
		{518B4845-7166-43CC-94FC-3EADCBA5720D} = {2E25A9A8-4E5B-49D3-9D6F-572F36F041B8}
		{D20744DE-FDEA-4D5D-9DCF-07F033A48B4E} = {2E25A9A8-4E5B-49D3-9D6F-572F36F041B8}
		{C4461F07-6C66-4E12-BBC9-4AA6DE0C1864} = {2E25A9A8-4E5B-49D3-9D6F-572F36F041B8}
		{8CC62DFC-EDA2-41B7-AB42-24A5D3E29C02} = {2E25A9A8-4E5B-49D3-9D6F-572F36F041B8}
		{A178E36D-193C-4F87-AA42-39B887771A24} = {2E25A9A8-4E5B-49D3-9D6F-572F36F041B8}
		{49BF7CAE-8D2B-4EBC-9BD4-D05523E3B207} = {3B77033D-D841-4179-AAEB-B96960E5C123}
	EndGlobalSection
	GlobalSection(ExtensibilityGlobals) = postSolution
		SolutionGuid = {B5C3F998-5E7F-4AC7-84D0-97A6F87CF79E}
	EndGlobalSection
EndGlobal
