
Microsoft Visual Studio Solution File, Format Version 10.00
# Visual Studio 2008
Project("{8BC9CEB8-8B4A-11D0-8D11-00A0C91BC942}") = "lesson001-window", "lesson001-windows\lesson001-window.vcproj", "{A8549F81-52DC-490D-8D42-BF70939CF963}"
EndProject
Project("{8BC9CEB8-8B4A-11D0-8D11-00A0C91BC942}") = "lesson002-windows", "lesson002-windows\lesson002-windows.vcproj", "{A8549F81-8888-490D-8D42-BF70939CF001}"
EndProject
Project("{2150E333-8FDC-42A3-9474-1A3956D46DE8}") = "第1章-光栅基础", "第1章-光栅基础", "{55CA8DB3-5F90-4B43-BED1-4D4DE23143A1}"
EndProject
Project("{2150E333-8FDC-42A3-9474-1A3956D46DE8}") = "第2章-光栅图像-纹理基础", "第2章-光栅图像-纹理基础", "{5422D8A0-0AAC-4EC3-8A0C-C495BD52183F}"
EndProject
Project("{2150E333-8FDC-42A3-9474-1A3956D46DE8}") = "第3章-纹理", "第3章-纹理", "{494096C8-5119-43F4-B76A-F98914812997}"
EndProject
Project("{2150E333-8FDC-42A3-9474-1A3956D46DE8}") = "第4章-3D世界", "第4章-3D世界", "{28E98877-40C3-4A14-9092-BF84E18AFCDC}"
EndProject
Project("{2150E333-8FDC-42A3-9474-1A3956D46DE8}") = "第5章-观察矩阵", "第5章-观察矩阵", "{4A900D39-24B8-43A6-8597-2588DC378AC4}"
EndProject
Project("{2150E333-8FDC-42A3-9474-1A3956D46DE8}") = "第6章-深度缓冲区", "第6章-深度缓冲区", "{EA0F7EE5-DAA8-4BA2-90DC-A6B582039CE8}"
EndProject
Project("{8BC9CEB8-8B4A-11D0-8D11-00A0C91BC942}") = "lesson003-point", "lesson003-point\lesson003-point.vcproj", "{A8549F81-8888-490D-8D42-BF70939CF003}"
EndProject
Project("{8BC9CEB8-8B4A-11D0-8D11-00A0C91BC942}") = "lesson004-point改进", "lesson004-point改进\lesson004-point改进.vcproj", "{A8549F81-8888-490D-8D42-BF70939CF004}"
EndProject
Project("{8BC9CEB8-8B4A-11D0-8D11-00A0C91BC942}") = "lesson005-line", "lesson005-line\lesson005-line.vcproj", "{A8549F81-8888-490D-8D42-BF70939CF005}"
EndProject
Project("{8BC9CEB8-8B4A-11D0-8D11-00A0C91BC942}") = "lesson006-line2", "lesson006-line2\lesson006-line2.vcproj", "{A8549F81-8888-490D-8D42-BF70939CF006}"
EndProject
Project("{8BC9CEB8-8B4A-11D0-8D11-00A0C91BC942}") = "lesson007-line-color", "lesson007-line-color\lesson007-line-color.vcproj", "{A8549F81-8888-490D-8D42-BF70939CF007}"
EndProject
Project("{8BC9CEB8-8B4A-11D0-8D11-00A0C91BC942}") = "lesson008-lineStrip", "lesson008-lineStrip\lesson008-lineStrip.vcproj", "{A8549F81-8888-490D-8D42-BF70939CF008}"
EndProject
Project("{8BC9CEB8-8B4A-11D0-8D11-00A0C91BC942}") = "lesson009-贝塞尔", "lesson009-贝塞尔\lesson009-贝塞尔.vcproj", "{A8549F81-8888-490D-8D42-BF70939CF009}"
EndProject
Project("{8BC9CEB8-8B4A-11D0-8D11-00A0C91BC942}") = "lesson010-rect", "lesson010-rect\lesson010-rect.vcproj", "{A8549F81-8888-490D-8D42-BF70939CF010}"
EndProject
Project("{8BC9CEB8-8B4A-11D0-8D11-00A0C91BC942}") = "lesson011-rectEx", "lesson011-rectEx\lesson011-rectEx.vcproj", "{A8549F81-8888-490D-8D42-BF70939CF011}"
EndProject
Project("{8BC9CEB8-8B4A-11D0-8D11-00A0C91BC942}") = "lesson012-rect-color", "lesson012-rect-color\lesson012-rect-color.vcproj", "{A8549F81-8888-490D-8D42-BF70939CF012}"
EndProject
Project("{8BC9CEB8-8B4A-11D0-8D11-00A0C91BC942}") = "lesson013-triangle", "lesson013-triangle\lesson013-triangle.vcproj", "{A8549F81-8888-490D-8D42-BF70939CF013}"
EndProject
Project("{8BC9CEB8-8B4A-11D0-8D11-00A0C91BC942}") = "lesson014-triangle-span", "lesson014-span\lesson014-span.vcproj", "{4880A4A6-8888-4A22-910F-F65223B5C014}"
EndProject
Project("{8BC9CEB8-8B4A-11D0-8D11-00A0C91BC942}") = "lesson015-triangle-span", "lesson015-span\lesson015-span.vcproj", "{4880A4A6-8888-4A22-910F-F65223B5C015}"
EndProject
Project("{8BC9CEB8-8B4A-11D0-8D11-00A0C91BC942}") = "lesson016-triangle-color", "lesson016-triangle-color\lesson016-triangle-color.vcproj", "{4880A4A6-8888-4A22-910F-F65223B5C016}"
EndProject
Project("{8BC9CEB8-8B4A-11D0-8D11-00A0C91BC942}") = "lesson017-优化", "lesson017-优化\lesson017-优化.vcproj", "{4880A4A6-8888-4A22-910F-F65223B5C017}"
EndProject
Project("{8BC9CEB8-8B4A-11D0-8D11-00A0C91BC942}") = "lesson200-drawImage", "lesson200-drawImage\lesson200-drawImage.vcproj", "{4880A4A6-8888-4A22-910F-F65223B5C200}"
EndProject
Project("{8BC9CEB8-8B4A-11D0-8D11-00A0C91BC942}") = "lesson201-freeImage", "lesson201-freeImage\lesson201-freeImage.vcproj", "{4880A4A6-8888-4A22-910F-F65223B5C201}"
EndProject
Project("{8BC9CEB8-8B4A-11D0-8D11-00A0C91BC942}") = "lesson202-ImageClass", "lesson202-ImageClass\lesson202-ImageClass.vcproj", "{4880A4A6-8888-4A22-910F-F65223B5C202}"
EndProject
Project("{8BC9CEB8-8B4A-11D0-8D11-00A0C91BC942}") = "lesson203-color-key", "lesson203-color-key\lesson203-color-key.vcproj", "{4880A4A6-8888-4A22-910F-F65223B5C203}"
EndProject
Project("{8BC9CEB8-8B4A-11D0-8D11-00A0C91BC942}") = "lesson204-alpha-test", "lesson204-alpha-test\lesson204-alpha-test.vcproj", "{4880A4A6-8888-4A22-910F-F65223B5C204}"
EndProject
Project("{8BC9CEB8-8B4A-11D0-8D11-00A0C91BC942}") = "lesson205-alpha-blend", "lesson205-alpha-blend\lesson205-alpha-blend.vcproj", "{4880A4A6-8888-4A22-910F-F65223B5C205}"
EndProject
Project("{8BC9CEB8-8B4A-11D0-8D11-00A0C91BC942}") = "lesson206-alpha透明", "lesson206-alpha透明\lesson206-alpha透明.vcproj", "{4880A4A6-8888-4A22-910F-F65223B5C206}"
EndProject
Project("{8BC9CEB8-8B4A-11D0-8D11-00A0C91BC942}") = "lesson207-drawPart", "lesson207-drawPart\lesson207-drawPart.vcproj", "{4880A4A6-8888-4A22-910F-F65223B5C207}"
EndProject
Project("{8BC9CEB8-8B4A-11D0-8D11-00A0C91BC942}") = "lesson208-scale", "lesson208-scale\lesson208-scale.vcproj", "{4880A4A6-8888-4A22-910F-F65223B5C208}"
EndProject
Project("{8BC9CEB8-8B4A-11D0-8D11-00A0C91BC942}") = "lesson209-scale-高质量", "lesson209-scale-高质量\lesson209-scale-高质量.vcproj", "{4880A4A6-8888-4A22-910F-F65223B5C209}"
EndProject
Project("{8BC9CEB8-8B4A-11D0-8D11-00A0C91BC942}") = "lesson210-总结", "lesson210-总结\lesson210-总结.vcproj", "{4880A4A6-8888-4A22-910F-F65223B5C210}"
EndProject
Project("{8BC9CEB8-8B4A-11D0-8D11-00A0C91BC942}") = "lesson300-纹理", "lesson300-纹理\lesson300-纹理.vcproj", "{4880A4A6-8888-4A22-910F-F65223B5C300}"
EndProject
Project("{8BC9CEB8-8B4A-11D0-8D11-00A0C91BC942}") = "lesson301-纹理", "lesson301-纹理\lesson301-纹理.vcproj", "{4880A4A6-8888-4A22-910F-F65223B5C301}"
EndProject
Project("{8BC9CEB8-8B4A-11D0-8D11-00A0C91BC942}") = "lesson302-纹理-color-blend", "lesson302-纹理-color-blend\lesson302-纹理-color-blend.vcproj", "{4880A4A6-8888-4A22-910F-F65223B5C302}"
EndProject
Project("{8BC9CEB8-8B4A-11D0-8D11-00A0C91BC942}") = "lesson303-状态机", "lesson303-状态机\lesson303-状态机.vcproj", "{4880A4A6-8888-4A22-910F-F65223B5C303}"
EndProject
Project("{8BC9CEB8-8B4A-11D0-8D11-00A0C91BC942}") = "lesson304-状态机2", "lesson304-状态机2\lesson304-状态机2.vcproj", "{4880A4A6-8888-4A22-910F-F65223B5C304}"
EndProject
Project("{8BC9CEB8-8B4A-11D0-8D11-00A0C91BC942}") = "lesson305-状态机3", "lesson305-状态机3\lesson305-状态机3.vcproj", "{4880A4A6-8888-4A22-910F-F65223B5C305}"
EndProject
Project("{8BC9CEB8-8B4A-11D0-8D11-00A0C91BC942}") = "lesson306-纹理包装-重复", "lesson306-纹理包装-重复\lesson306-纹理包装-重复.vcproj", "{4880A4A6-8888-4A22-910F-F65223B5C306}"
EndProject
Project("{8BC9CEB8-8B4A-11D0-8D11-00A0C91BC942}") = "lesson307-纹理包装-clamage", "lesson307-纹理包装-clamage\lesson307-纹理包装-clamage.vcproj", "{4880A4A6-8888-4A22-910F-F65223B5C307}"
EndProject
Project("{8BC9CEB8-8B4A-11D0-8D11-00A0C91BC942}") = "lesson308-二维操作矩阵", "lesson308-二维操作矩阵\lesson308-二维操作矩阵.vcproj", "{4880A4A6-8888-4A22-910F-F65223B5C308}"
EndProject
Project("{8BC9CEB8-8B4A-11D0-8D11-00A0C91BC942}") = "lesson309-矩阵应用-平移", "lesson309-矩阵平移\lesson309-矩阵平移.vcproj", "{4880A4A6-8888-4A22-910F-F65223B5C309}"
EndProject
Project("{8BC9CEB8-8B4A-11D0-8D11-00A0C91BC942}") = "lesson310-矩阵缩放", "lesson310-矩阵缩放\lesson310-矩阵缩放.vcproj", "{4880A4A6-8888-4A22-910F-F65223B5C310}"
EndProject
Project("{8BC9CEB8-8B4A-11D0-8D11-00A0C91BC942}") = "lesson311-矩阵旋转", "lesson311-矩阵旋转\lesson311-矩阵旋转.vcproj", "{4880A4A6-8888-4A22-910F-F65223B5C311}"
EndProject
Project("{8BC9CEB8-8B4A-11D0-8D11-00A0C91BC942}") = "lesson312-矩阵复合操作", "lesson312-矩阵复合操作\lesson312-矩阵复合操作.vcproj", "{4880A4A6-8888-4A22-910F-F65223B5C312}"
EndProject
Project("{8BC9CEB8-8B4A-11D0-8D11-00A0C91BC942}") = "lesson400-3D理论基础", "lesson400-三维理论\lesson400-3D理论.vcproj", "{4880A4A6-8888-4A22-910F-F65223B5C400}"
EndProject
Project("{8BC9CEB8-8B4A-11D0-8D11-00A0C91BC942}") = "lesson402-向量-矩阵", "lesson402-向量-矩阵\lesson402-向量-矩阵.vcproj", "{E570B8A2-23D9-4A3B-A39B-4D052201C402}"
EndProject
Project("{8BC9CEB8-8B4A-11D0-8D11-00A0C91BC942}") = "lesson401-向量-矩阵", "lesson401-向量-矩阵\lesson401-向量-矩阵.vcproj", "{4880A4A6-8888-4A22-910F-F65223B5C401}"
EndProject
Project("{8BC9CEB8-8B4A-11D0-8D11-00A0C91BC942}") = "lesson403-实现3D的框架", "lesson403-实现3D的框架\lesson403-实现3D的框架.vcproj", "{4880A4A6-8888-4A22-910F-F65223B5C403}"
EndProject
Project("{8BC9CEB8-8B4A-11D0-8D11-00A0C91BC942}") = "lesson404-固定渲染管线实现", "lesson404-固定渲染管线实现\lesson404-固定渲染管线实现.vcproj", "{4880A4A6-8888-4A22-910F-F65223B5C404}"
EndProject
Project("{8BC9CEB8-8B4A-11D0-8D11-00A0C91BC942}") = "lesson405-投影和观察矩阵", "lesson405-投影和观察矩阵\lesson405-投影和观察矩阵.vcproj", "{4880A4A6-8888-4A22-910F-F65223B5C405}"
EndProject
Project("{8BC9CEB8-8B4A-11D0-8D11-00A0C91BC942}") = "lesson406-固定渲染管线实现-裁减", "lesson406-固定渲染管线实现-裁减\lesson406-固定渲染管线实现-裁减.vcproj", "{4880A4A6-8888-8A22-910F-F65223B5C406}"
EndProject
Project("{8BC9CEB8-8B4A-11D0-8D11-00A0C91BC942}") = "lesson407-绘制第一个3D三角形", "lesson407-绘制第一个3D三角形\lesson407-固定渲染管线实现-裁减.vcproj", "{4880A4A6-8888-8A22-910F-F65223B5C407}"
EndProject
Project("{8BC9CEB8-8B4A-11D0-8D11-00A0C91BC942}") = "lesson408-矩阵变换", "lesson408-矩阵变换\lesson408-矩阵变换.vcproj", "{4880A4A6-8888-8A22-910F-F65223B5C408}"
EndProject
Project("{8BC9CEB8-8B4A-11D0-8D11-00A0C91BC942}") = "lesson409-矩阵复合变换", "lesson409-矩阵复合变换\lesson409-矩阵复合变换.vcproj", "{4880A4A6-8888-8A22-910F-F65223B5C409}"
EndProject
Project("{8BC9CEB8-8B4A-11D0-8D11-00A0C91BC942}") = "lesson018-优化2", "lesson018-优化2\lesson018-优化2.vcproj", "{4880A4A6-8888-4A22-910F-F65223B5C018}"
EndProject
Project("{8BC9CEB8-8B4A-11D0-8D11-00A0C91BC942}") = "lesson019-优化3", "lesson019-优化3\lesson019-优化3.vcproj", "{4880A4A6-8888-4A22-910F-F65223B5C019}"
EndProject
Project("{8BC9CEB8-8B4A-11D0-8D11-00A0C91BC942}") = "lesson020-优化4", "lesson020-优化4\lesson020-优化4.vcproj", "{4880A4A6-8888-4A22-910F-F65223B5C020}"
EndProject
Project("{8BC9CEB8-8B4A-11D0-8D11-00A0C91BC942}") = "lesson500-摄像机的实现-消息处理", "lesson500-摄像机的实现-消息处理\lesson500-摄像机的实现-消息处理.vcproj", "{4880A4A6-8888-8A22-910F-F65223B5C500}"
EndProject
Project("{8BC9CEB8-8B4A-11D0-8D11-00A0C91BC942}") = "lesson501-摄像机类的封装", "lesson501-摄像机类的封装\lesson501-摄像机类的封装.vcproj", "{4880A4A6-8888-8A22-910F-F65223B5C501}"
EndProject
Project("{8BC9CEB8-8B4A-11D0-8D11-00A0C91BC942}") = "lesson502-摄像机类的封装2", "lesson502-摄像机类的封装2\lesson502-摄像机类的封装2.vcproj", "{4880A4A6-8888-8A22-910F-F65223B5C502}"
EndProject
Project("{8BC9CEB8-8B4A-11D0-8D11-00A0C91BC942}") = "lesson503-场景的建立", "lesson503-场景的建立\lesson503-场景的建立.vcproj", "{4880A4A6-8888-8A22-910F-F65223B5C503}"
EndProject
Project("{8BC9CEB8-8B4A-11D0-8D11-00A0C91BC942}") = "lesson505-摄像机的平移", "lesson505-摄像机的平移\lesson505-摄像机的平移.vcproj", "{4880A4A6-8888-8A22-910F-F65223B5C505}"
EndProject
Project("{8BC9CEB8-8B4A-11D0-8D11-00A0C91BC942}") = "lesson504-bug-修正及摄像机缩放", "lesson504-bug-修正及摄像机缩放\lesson504-bug-修正及摄像机缩放.vcproj", "{4880A4A6-8888-8A22-910F-F65223B5C504}"
EndProject
Global
	GlobalSection(SolutionConfigurationPlatforms) = preSolution
		Debug|Win32 = Debug|Win32
		Release|Win32 = Release|Win32
	EndGlobalSection
	GlobalSection(ProjectConfigurationPlatforms) = postSolution
		{A8549F81-52DC-490D-8D42-BF70939CF963}.Debug|Win32.ActiveCfg = Debug|Win32
		{A8549F81-52DC-490D-8D42-BF70939CF963}.Debug|Win32.Build.0 = Debug|Win32
		{A8549F81-52DC-490D-8D42-BF70939CF963}.Release|Win32.ActiveCfg = Release|Win32
		{A8549F81-52DC-490D-8D42-BF70939CF963}.Release|Win32.Build.0 = Release|Win32
		{A8549F81-8888-490D-8D42-BF70939CF001}.Debug|Win32.ActiveCfg = Debug|Win32
		{A8549F81-8888-490D-8D42-BF70939CF001}.Debug|Win32.Build.0 = Debug|Win32
		{A8549F81-8888-490D-8D42-BF70939CF001}.Release|Win32.ActiveCfg = Release|Win32
		{A8549F81-8888-490D-8D42-BF70939CF001}.Release|Win32.Build.0 = Release|Win32
		{A8549F81-8888-490D-8D42-BF70939CF003}.Debug|Win32.ActiveCfg = Debug|Win32
		{A8549F81-8888-490D-8D42-BF70939CF003}.Debug|Win32.Build.0 = Debug|Win32
		{A8549F81-8888-490D-8D42-BF70939CF003}.Release|Win32.ActiveCfg = Release|Win32
		{A8549F81-8888-490D-8D42-BF70939CF003}.Release|Win32.Build.0 = Release|Win32
		{A8549F81-8888-490D-8D42-BF70939CF004}.Debug|Win32.ActiveCfg = Debug|Win32
		{A8549F81-8888-490D-8D42-BF70939CF004}.Debug|Win32.Build.0 = Debug|Win32
		{A8549F81-8888-490D-8D42-BF70939CF004}.Release|Win32.ActiveCfg = Release|Win32
		{A8549F81-8888-490D-8D42-BF70939CF004}.Release|Win32.Build.0 = Release|Win32
		{A8549F81-8888-490D-8D42-BF70939CF005}.Debug|Win32.ActiveCfg = Debug|Win32
		{A8549F81-8888-490D-8D42-BF70939CF005}.Debug|Win32.Build.0 = Debug|Win32
		{A8549F81-8888-490D-8D42-BF70939CF005}.Release|Win32.ActiveCfg = Release|Win32
		{A8549F81-8888-490D-8D42-BF70939CF005}.Release|Win32.Build.0 = Release|Win32
		{A8549F81-8888-490D-8D42-BF70939CF006}.Debug|Win32.ActiveCfg = Debug|Win32
		{A8549F81-8888-490D-8D42-BF70939CF006}.Debug|Win32.Build.0 = Debug|Win32
		{A8549F81-8888-490D-8D42-BF70939CF006}.Release|Win32.ActiveCfg = Release|Win32
		{A8549F81-8888-490D-8D42-BF70939CF006}.Release|Win32.Build.0 = Release|Win32
		{A8549F81-8888-490D-8D42-BF70939CF007}.Debug|Win32.ActiveCfg = Debug|Win32
		{A8549F81-8888-490D-8D42-BF70939CF007}.Debug|Win32.Build.0 = Debug|Win32
		{A8549F81-8888-490D-8D42-BF70939CF007}.Release|Win32.ActiveCfg = Release|Win32
		{A8549F81-8888-490D-8D42-BF70939CF007}.Release|Win32.Build.0 = Release|Win32
		{A8549F81-8888-490D-8D42-BF70939CF008}.Debug|Win32.ActiveCfg = Debug|Win32
		{A8549F81-8888-490D-8D42-BF70939CF008}.Debug|Win32.Build.0 = Debug|Win32
		{A8549F81-8888-490D-8D42-BF70939CF008}.Release|Win32.ActiveCfg = Release|Win32
		{A8549F81-8888-490D-8D42-BF70939CF008}.Release|Win32.Build.0 = Release|Win32
		{A8549F81-8888-490D-8D42-BF70939CF009}.Debug|Win32.ActiveCfg = Debug|Win32
		{A8549F81-8888-490D-8D42-BF70939CF009}.Debug|Win32.Build.0 = Debug|Win32
		{A8549F81-8888-490D-8D42-BF70939CF009}.Release|Win32.ActiveCfg = Release|Win32
		{A8549F81-8888-490D-8D42-BF70939CF009}.Release|Win32.Build.0 = Release|Win32
		{A8549F81-8888-490D-8D42-BF70939CF010}.Debug|Win32.ActiveCfg = Debug|Win32
		{A8549F81-8888-490D-8D42-BF70939CF010}.Debug|Win32.Build.0 = Debug|Win32
		{A8549F81-8888-490D-8D42-BF70939CF010}.Release|Win32.ActiveCfg = Release|Win32
		{A8549F81-8888-490D-8D42-BF70939CF010}.Release|Win32.Build.0 = Release|Win32
		{A8549F81-8888-490D-8D42-BF70939CF011}.Debug|Win32.ActiveCfg = Debug|Win32
		{A8549F81-8888-490D-8D42-BF70939CF011}.Debug|Win32.Build.0 = Debug|Win32
		{A8549F81-8888-490D-8D42-BF70939CF011}.Release|Win32.ActiveCfg = Release|Win32
		{A8549F81-8888-490D-8D42-BF70939CF011}.Release|Win32.Build.0 = Release|Win32
		{A8549F81-8888-490D-8D42-BF70939CF012}.Debug|Win32.ActiveCfg = Debug|Win32
		{A8549F81-8888-490D-8D42-BF70939CF012}.Debug|Win32.Build.0 = Debug|Win32
		{A8549F81-8888-490D-8D42-BF70939CF012}.Release|Win32.ActiveCfg = Release|Win32
		{A8549F81-8888-490D-8D42-BF70939CF012}.Release|Win32.Build.0 = Release|Win32
		{A8549F81-8888-490D-8D42-BF70939CF013}.Debug|Win32.ActiveCfg = Debug|Win32
		{A8549F81-8888-490D-8D42-BF70939CF013}.Debug|Win32.Build.0 = Debug|Win32
		{A8549F81-8888-490D-8D42-BF70939CF013}.Release|Win32.ActiveCfg = Release|Win32
		{A8549F81-8888-490D-8D42-BF70939CF013}.Release|Win32.Build.0 = Release|Win32
		{4880A4A6-8888-4A22-910F-F65223B5C014}.Debug|Win32.ActiveCfg = Debug|Win32
		{4880A4A6-8888-4A22-910F-F65223B5C014}.Debug|Win32.Build.0 = Debug|Win32
		{4880A4A6-8888-4A22-910F-F65223B5C014}.Release|Win32.ActiveCfg = Release|Win32
		{4880A4A6-8888-4A22-910F-F65223B5C014}.Release|Win32.Build.0 = Release|Win32
		{4880A4A6-8888-4A22-910F-F65223B5C015}.Debug|Win32.ActiveCfg = Debug|Win32
		{4880A4A6-8888-4A22-910F-F65223B5C015}.Debug|Win32.Build.0 = Debug|Win32
		{4880A4A6-8888-4A22-910F-F65223B5C015}.Release|Win32.ActiveCfg = Release|Win32
		{4880A4A6-8888-4A22-910F-F65223B5C015}.Release|Win32.Build.0 = Release|Win32
		{4880A4A6-8888-4A22-910F-F65223B5C016}.Debug|Win32.ActiveCfg = Debug|Win32
		{4880A4A6-8888-4A22-910F-F65223B5C016}.Debug|Win32.Build.0 = Debug|Win32
		{4880A4A6-8888-4A22-910F-F65223B5C016}.Release|Win32.ActiveCfg = Release|Win32
		{4880A4A6-8888-4A22-910F-F65223B5C016}.Release|Win32.Build.0 = Release|Win32
		{4880A4A6-8888-4A22-910F-F65223B5C017}.Debug|Win32.ActiveCfg = Debug|Win32
		{4880A4A6-8888-4A22-910F-F65223B5C017}.Debug|Win32.Build.0 = Debug|Win32
		{4880A4A6-8888-4A22-910F-F65223B5C017}.Release|Win32.ActiveCfg = Release|Win32
		{4880A4A6-8888-4A22-910F-F65223B5C017}.Release|Win32.Build.0 = Release|Win32
		{4880A4A6-8888-4A22-910F-F65223B5C200}.Debug|Win32.ActiveCfg = Debug|Win32
		{4880A4A6-8888-4A22-910F-F65223B5C200}.Debug|Win32.Build.0 = Debug|Win32
		{4880A4A6-8888-4A22-910F-F65223B5C200}.Release|Win32.ActiveCfg = Release|Win32
		{4880A4A6-8888-4A22-910F-F65223B5C200}.Release|Win32.Build.0 = Release|Win32
		{4880A4A6-8888-4A22-910F-F65223B5C201}.Debug|Win32.ActiveCfg = Debug|Win32
		{4880A4A6-8888-4A22-910F-F65223B5C201}.Debug|Win32.Build.0 = Debug|Win32
		{4880A4A6-8888-4A22-910F-F65223B5C201}.Release|Win32.ActiveCfg = Release|Win32
		{4880A4A6-8888-4A22-910F-F65223B5C201}.Release|Win32.Build.0 = Release|Win32
		{4880A4A6-8888-4A22-910F-F65223B5C202}.Debug|Win32.ActiveCfg = Debug|Win32
		{4880A4A6-8888-4A22-910F-F65223B5C202}.Debug|Win32.Build.0 = Debug|Win32
		{4880A4A6-8888-4A22-910F-F65223B5C202}.Release|Win32.ActiveCfg = Release|Win32
		{4880A4A6-8888-4A22-910F-F65223B5C202}.Release|Win32.Build.0 = Release|Win32
		{4880A4A6-8888-4A22-910F-F65223B5C203}.Debug|Win32.ActiveCfg = Debug|Win32
		{4880A4A6-8888-4A22-910F-F65223B5C203}.Debug|Win32.Build.0 = Debug|Win32
		{4880A4A6-8888-4A22-910F-F65223B5C203}.Release|Win32.ActiveCfg = Release|Win32
		{4880A4A6-8888-4A22-910F-F65223B5C203}.Release|Win32.Build.0 = Release|Win32
		{4880A4A6-8888-4A22-910F-F65223B5C204}.Debug|Win32.ActiveCfg = Debug|Win32
		{4880A4A6-8888-4A22-910F-F65223B5C204}.Debug|Win32.Build.0 = Debug|Win32
		{4880A4A6-8888-4A22-910F-F65223B5C204}.Release|Win32.ActiveCfg = Release|Win32
		{4880A4A6-8888-4A22-910F-F65223B5C204}.Release|Win32.Build.0 = Release|Win32
		{4880A4A6-8888-4A22-910F-F65223B5C205}.Debug|Win32.ActiveCfg = Debug|Win32
		{4880A4A6-8888-4A22-910F-F65223B5C205}.Debug|Win32.Build.0 = Debug|Win32
		{4880A4A6-8888-4A22-910F-F65223B5C205}.Release|Win32.ActiveCfg = Release|Win32
		{4880A4A6-8888-4A22-910F-F65223B5C205}.Release|Win32.Build.0 = Release|Win32
		{4880A4A6-8888-4A22-910F-F65223B5C206}.Debug|Win32.ActiveCfg = Debug|Win32
		{4880A4A6-8888-4A22-910F-F65223B5C206}.Debug|Win32.Build.0 = Debug|Win32
		{4880A4A6-8888-4A22-910F-F65223B5C206}.Release|Win32.ActiveCfg = Release|Win32
		{4880A4A6-8888-4A22-910F-F65223B5C206}.Release|Win32.Build.0 = Release|Win32
		{4880A4A6-8888-4A22-910F-F65223B5C207}.Debug|Win32.ActiveCfg = Debug|Win32
		{4880A4A6-8888-4A22-910F-F65223B5C207}.Debug|Win32.Build.0 = Debug|Win32
		{4880A4A6-8888-4A22-910F-F65223B5C207}.Release|Win32.ActiveCfg = Release|Win32
		{4880A4A6-8888-4A22-910F-F65223B5C207}.Release|Win32.Build.0 = Release|Win32
		{4880A4A6-8888-4A22-910F-F65223B5C208}.Debug|Win32.ActiveCfg = Debug|Win32
		{4880A4A6-8888-4A22-910F-F65223B5C208}.Debug|Win32.Build.0 = Debug|Win32
		{4880A4A6-8888-4A22-910F-F65223B5C208}.Release|Win32.ActiveCfg = Release|Win32
		{4880A4A6-8888-4A22-910F-F65223B5C208}.Release|Win32.Build.0 = Release|Win32
		{4880A4A6-8888-4A22-910F-F65223B5C209}.Debug|Win32.ActiveCfg = Debug|Win32
		{4880A4A6-8888-4A22-910F-F65223B5C209}.Debug|Win32.Build.0 = Debug|Win32
		{4880A4A6-8888-4A22-910F-F65223B5C209}.Release|Win32.ActiveCfg = Release|Win32
		{4880A4A6-8888-4A22-910F-F65223B5C209}.Release|Win32.Build.0 = Release|Win32
		{4880A4A6-8888-4A22-910F-F65223B5C210}.Debug|Win32.ActiveCfg = Debug|Win32
		{4880A4A6-8888-4A22-910F-F65223B5C210}.Debug|Win32.Build.0 = Debug|Win32
		{4880A4A6-8888-4A22-910F-F65223B5C210}.Release|Win32.ActiveCfg = Release|Win32
		{4880A4A6-8888-4A22-910F-F65223B5C210}.Release|Win32.Build.0 = Release|Win32
		{4880A4A6-8888-4A22-910F-F65223B5C300}.Debug|Win32.ActiveCfg = Debug|Win32
		{4880A4A6-8888-4A22-910F-F65223B5C300}.Debug|Win32.Build.0 = Debug|Win32
		{4880A4A6-8888-4A22-910F-F65223B5C300}.Release|Win32.ActiveCfg = Release|Win32
		{4880A4A6-8888-4A22-910F-F65223B5C300}.Release|Win32.Build.0 = Release|Win32
		{4880A4A6-8888-4A22-910F-F65223B5C301}.Debug|Win32.ActiveCfg = Debug|Win32
		{4880A4A6-8888-4A22-910F-F65223B5C301}.Debug|Win32.Build.0 = Debug|Win32
		{4880A4A6-8888-4A22-910F-F65223B5C301}.Release|Win32.ActiveCfg = Release|Win32
		{4880A4A6-8888-4A22-910F-F65223B5C301}.Release|Win32.Build.0 = Release|Win32
		{4880A4A6-8888-4A22-910F-F65223B5C302}.Debug|Win32.ActiveCfg = Debug|Win32
		{4880A4A6-8888-4A22-910F-F65223B5C302}.Debug|Win32.Build.0 = Debug|Win32
		{4880A4A6-8888-4A22-910F-F65223B5C302}.Release|Win32.ActiveCfg = Release|Win32
		{4880A4A6-8888-4A22-910F-F65223B5C302}.Release|Win32.Build.0 = Release|Win32
		{4880A4A6-8888-4A22-910F-F65223B5C303}.Debug|Win32.ActiveCfg = Debug|Win32
		{4880A4A6-8888-4A22-910F-F65223B5C303}.Debug|Win32.Build.0 = Debug|Win32
		{4880A4A6-8888-4A22-910F-F65223B5C303}.Release|Win32.ActiveCfg = Release|Win32
		{4880A4A6-8888-4A22-910F-F65223B5C303}.Release|Win32.Build.0 = Release|Win32
		{4880A4A6-8888-4A22-910F-F65223B5C304}.Debug|Win32.ActiveCfg = Debug|Win32
		{4880A4A6-8888-4A22-910F-F65223B5C304}.Debug|Win32.Build.0 = Debug|Win32
		{4880A4A6-8888-4A22-910F-F65223B5C304}.Release|Win32.ActiveCfg = Release|Win32
		{4880A4A6-8888-4A22-910F-F65223B5C304}.Release|Win32.Build.0 = Release|Win32
		{4880A4A6-8888-4A22-910F-F65223B5C305}.Debug|Win32.ActiveCfg = Debug|Win32
		{4880A4A6-8888-4A22-910F-F65223B5C305}.Debug|Win32.Build.0 = Debug|Win32
		{4880A4A6-8888-4A22-910F-F65223B5C305}.Release|Win32.ActiveCfg = Release|Win32
		{4880A4A6-8888-4A22-910F-F65223B5C305}.Release|Win32.Build.0 = Release|Win32
		{4880A4A6-8888-4A22-910F-F65223B5C306}.Debug|Win32.ActiveCfg = Debug|Win32
		{4880A4A6-8888-4A22-910F-F65223B5C306}.Debug|Win32.Build.0 = Debug|Win32
		{4880A4A6-8888-4A22-910F-F65223B5C306}.Release|Win32.ActiveCfg = Release|Win32
		{4880A4A6-8888-4A22-910F-F65223B5C306}.Release|Win32.Build.0 = Release|Win32
		{4880A4A6-8888-4A22-910F-F65223B5C307}.Debug|Win32.ActiveCfg = Debug|Win32
		{4880A4A6-8888-4A22-910F-F65223B5C307}.Debug|Win32.Build.0 = Debug|Win32
		{4880A4A6-8888-4A22-910F-F65223B5C307}.Release|Win32.ActiveCfg = Release|Win32
		{4880A4A6-8888-4A22-910F-F65223B5C307}.Release|Win32.Build.0 = Release|Win32
		{4880A4A6-8888-4A22-910F-F65223B5C308}.Debug|Win32.ActiveCfg = Debug|Win32
		{4880A4A6-8888-4A22-910F-F65223B5C308}.Debug|Win32.Build.0 = Debug|Win32
		{4880A4A6-8888-4A22-910F-F65223B5C308}.Release|Win32.ActiveCfg = Release|Win32
		{4880A4A6-8888-4A22-910F-F65223B5C308}.Release|Win32.Build.0 = Release|Win32
		{4880A4A6-8888-4A22-910F-F65223B5C309}.Debug|Win32.ActiveCfg = Debug|Win32
		{4880A4A6-8888-4A22-910F-F65223B5C309}.Debug|Win32.Build.0 = Debug|Win32
		{4880A4A6-8888-4A22-910F-F65223B5C309}.Release|Win32.ActiveCfg = Release|Win32
		{4880A4A6-8888-4A22-910F-F65223B5C309}.Release|Win32.Build.0 = Release|Win32
		{4880A4A6-8888-4A22-910F-F65223B5C310}.Debug|Win32.ActiveCfg = Debug|Win32
		{4880A4A6-8888-4A22-910F-F65223B5C310}.Debug|Win32.Build.0 = Debug|Win32
		{4880A4A6-8888-4A22-910F-F65223B5C310}.Release|Win32.ActiveCfg = Release|Win32
		{4880A4A6-8888-4A22-910F-F65223B5C310}.Release|Win32.Build.0 = Release|Win32
		{4880A4A6-8888-4A22-910F-F65223B5C311}.Debug|Win32.ActiveCfg = Debug|Win32
		{4880A4A6-8888-4A22-910F-F65223B5C311}.Debug|Win32.Build.0 = Debug|Win32
		{4880A4A6-8888-4A22-910F-F65223B5C311}.Release|Win32.ActiveCfg = Release|Win32
		{4880A4A6-8888-4A22-910F-F65223B5C311}.Release|Win32.Build.0 = Release|Win32
		{4880A4A6-8888-4A22-910F-F65223B5C312}.Debug|Win32.ActiveCfg = Debug|Win32
		{4880A4A6-8888-4A22-910F-F65223B5C312}.Debug|Win32.Build.0 = Debug|Win32
		{4880A4A6-8888-4A22-910F-F65223B5C312}.Release|Win32.ActiveCfg = Release|Win32
		{4880A4A6-8888-4A22-910F-F65223B5C312}.Release|Win32.Build.0 = Release|Win32
		{4880A4A6-8888-4A22-910F-F65223B5C400}.Debug|Win32.ActiveCfg = Debug|Win32
		{4880A4A6-8888-4A22-910F-F65223B5C400}.Debug|Win32.Build.0 = Debug|Win32
		{4880A4A6-8888-4A22-910F-F65223B5C400}.Release|Win32.ActiveCfg = Release|Win32
		{4880A4A6-8888-4A22-910F-F65223B5C400}.Release|Win32.Build.0 = Release|Win32
		{E570B8A2-23D9-4A3B-A39B-4D052201C402}.Debug|Win32.ActiveCfg = Debug|Win32
		{E570B8A2-23D9-4A3B-A39B-4D052201C402}.Debug|Win32.Build.0 = Debug|Win32
		{E570B8A2-23D9-4A3B-A39B-4D052201C402}.Release|Win32.ActiveCfg = Release|Win32
		{E570B8A2-23D9-4A3B-A39B-4D052201C402}.Release|Win32.Build.0 = Release|Win32
		{4880A4A6-8888-4A22-910F-F65223B5C401}.Debug|Win32.ActiveCfg = Debug|Win32
		{4880A4A6-8888-4A22-910F-F65223B5C401}.Debug|Win32.Build.0 = Debug|Win32
		{4880A4A6-8888-4A22-910F-F65223B5C401}.Release|Win32.ActiveCfg = Release|Win32
		{4880A4A6-8888-4A22-910F-F65223B5C401}.Release|Win32.Build.0 = Release|Win32
		{4880A4A6-8888-4A22-910F-F65223B5C403}.Debug|Win32.ActiveCfg = Debug|Win32
		{4880A4A6-8888-4A22-910F-F65223B5C403}.Debug|Win32.Build.0 = Debug|Win32
		{4880A4A6-8888-4A22-910F-F65223B5C403}.Release|Win32.ActiveCfg = Release|Win32
		{4880A4A6-8888-4A22-910F-F65223B5C403}.Release|Win32.Build.0 = Release|Win32
		{4880A4A6-8888-4A22-910F-F65223B5C404}.Debug|Win32.ActiveCfg = Debug|Win32
		{4880A4A6-8888-4A22-910F-F65223B5C404}.Debug|Win32.Build.0 = Debug|Win32
		{4880A4A6-8888-4A22-910F-F65223B5C404}.Release|Win32.ActiveCfg = Release|Win32
		{4880A4A6-8888-4A22-910F-F65223B5C404}.Release|Win32.Build.0 = Release|Win32
		{4880A4A6-8888-4A22-910F-F65223B5C405}.Debug|Win32.ActiveCfg = Debug|Win32
		{4880A4A6-8888-4A22-910F-F65223B5C405}.Debug|Win32.Build.0 = Debug|Win32
		{4880A4A6-8888-4A22-910F-F65223B5C405}.Release|Win32.ActiveCfg = Release|Win32
		{4880A4A6-8888-4A22-910F-F65223B5C405}.Release|Win32.Build.0 = Release|Win32
		{4880A4A6-8888-8A22-910F-F65223B5C406}.Debug|Win32.ActiveCfg = Debug|Win32
		{4880A4A6-8888-8A22-910F-F65223B5C406}.Debug|Win32.Build.0 = Debug|Win32
		{4880A4A6-8888-8A22-910F-F65223B5C406}.Release|Win32.ActiveCfg = Release|Win32
		{4880A4A6-8888-8A22-910F-F65223B5C406}.Release|Win32.Build.0 = Release|Win32
		{4880A4A6-8888-8A22-910F-F65223B5C407}.Debug|Win32.ActiveCfg = Debug|Win32
		{4880A4A6-8888-8A22-910F-F65223B5C407}.Debug|Win32.Build.0 = Debug|Win32
		{4880A4A6-8888-8A22-910F-F65223B5C407}.Release|Win32.ActiveCfg = Release|Win32
		{4880A4A6-8888-8A22-910F-F65223B5C407}.Release|Win32.Build.0 = Release|Win32
		{4880A4A6-8888-8A22-910F-F65223B5C408}.Debug|Win32.ActiveCfg = Debug|Win32
		{4880A4A6-8888-8A22-910F-F65223B5C408}.Debug|Win32.Build.0 = Debug|Win32
		{4880A4A6-8888-8A22-910F-F65223B5C408}.Release|Win32.ActiveCfg = Release|Win32
		{4880A4A6-8888-8A22-910F-F65223B5C408}.Release|Win32.Build.0 = Release|Win32
		{4880A4A6-8888-8A22-910F-F65223B5C409}.Debug|Win32.ActiveCfg = Debug|Win32
		{4880A4A6-8888-8A22-910F-F65223B5C409}.Debug|Win32.Build.0 = Debug|Win32
		{4880A4A6-8888-8A22-910F-F65223B5C409}.Release|Win32.ActiveCfg = Release|Win32
		{4880A4A6-8888-8A22-910F-F65223B5C409}.Release|Win32.Build.0 = Release|Win32
		{4880A4A6-8888-4A22-910F-F65223B5C018}.Debug|Win32.ActiveCfg = Debug|Win32
		{4880A4A6-8888-4A22-910F-F65223B5C018}.Debug|Win32.Build.0 = Debug|Win32
		{4880A4A6-8888-4A22-910F-F65223B5C018}.Release|Win32.ActiveCfg = Release|Win32
		{4880A4A6-8888-4A22-910F-F65223B5C018}.Release|Win32.Build.0 = Release|Win32
		{4880A4A6-8888-4A22-910F-F65223B5C019}.Debug|Win32.ActiveCfg = Debug|Win32
		{4880A4A6-8888-4A22-910F-F65223B5C019}.Debug|Win32.Build.0 = Debug|Win32
		{4880A4A6-8888-4A22-910F-F65223B5C019}.Release|Win32.ActiveCfg = Release|Win32
		{4880A4A6-8888-4A22-910F-F65223B5C019}.Release|Win32.Build.0 = Release|Win32
		{4880A4A6-8888-4A22-910F-F65223B5C020}.Debug|Win32.ActiveCfg = Debug|Win32
		{4880A4A6-8888-4A22-910F-F65223B5C020}.Debug|Win32.Build.0 = Debug|Win32
		{4880A4A6-8888-4A22-910F-F65223B5C020}.Release|Win32.ActiveCfg = Release|Win32
		{4880A4A6-8888-4A22-910F-F65223B5C020}.Release|Win32.Build.0 = Release|Win32
		{4880A4A6-8888-8A22-910F-F65223B5C500}.Debug|Win32.ActiveCfg = Debug|Win32
		{4880A4A6-8888-8A22-910F-F65223B5C500}.Debug|Win32.Build.0 = Debug|Win32
		{4880A4A6-8888-8A22-910F-F65223B5C500}.Release|Win32.ActiveCfg = Release|Win32
		{4880A4A6-8888-8A22-910F-F65223B5C500}.Release|Win32.Build.0 = Release|Win32
		{4880A4A6-8888-8A22-910F-F65223B5C501}.Debug|Win32.ActiveCfg = Debug|Win32
		{4880A4A6-8888-8A22-910F-F65223B5C501}.Debug|Win32.Build.0 = Debug|Win32
		{4880A4A6-8888-8A22-910F-F65223B5C501}.Release|Win32.ActiveCfg = Release|Win32
		{4880A4A6-8888-8A22-910F-F65223B5C501}.Release|Win32.Build.0 = Release|Win32
		{4880A4A6-8888-8A22-910F-F65223B5C502}.Debug|Win32.ActiveCfg = Debug|Win32
		{4880A4A6-8888-8A22-910F-F65223B5C502}.Debug|Win32.Build.0 = Debug|Win32
		{4880A4A6-8888-8A22-910F-F65223B5C502}.Release|Win32.ActiveCfg = Release|Win32
		{4880A4A6-8888-8A22-910F-F65223B5C502}.Release|Win32.Build.0 = Release|Win32
		{4880A4A6-8888-8A22-910F-F65223B5C503}.Debug|Win32.ActiveCfg = Debug|Win32
		{4880A4A6-8888-8A22-910F-F65223B5C503}.Debug|Win32.Build.0 = Debug|Win32
		{4880A4A6-8888-8A22-910F-F65223B5C503}.Release|Win32.ActiveCfg = Release|Win32
		{4880A4A6-8888-8A22-910F-F65223B5C503}.Release|Win32.Build.0 = Release|Win32
		{4880A4A6-8888-8A22-910F-F65223B5C505}.Debug|Win32.ActiveCfg = Debug|Win32
		{4880A4A6-8888-8A22-910F-F65223B5C505}.Debug|Win32.Build.0 = Debug|Win32
		{4880A4A6-8888-8A22-910F-F65223B5C505}.Release|Win32.ActiveCfg = Release|Win32
		{4880A4A6-8888-8A22-910F-F65223B5C505}.Release|Win32.Build.0 = Release|Win32
		{4880A4A6-8888-8A22-910F-F65223B5C504}.Debug|Win32.ActiveCfg = Debug|Win32
		{4880A4A6-8888-8A22-910F-F65223B5C504}.Debug|Win32.Build.0 = Debug|Win32
		{4880A4A6-8888-8A22-910F-F65223B5C504}.Release|Win32.ActiveCfg = Release|Win32
		{4880A4A6-8888-8A22-910F-F65223B5C504}.Release|Win32.Build.0 = Release|Win32
	EndGlobalSection
	GlobalSection(SolutionProperties) = preSolution
		HideSolutionNode = FALSE
	EndGlobalSection
	GlobalSection(NestedProjects) = preSolution
		{A8549F81-8888-490D-8D42-BF70939CF001} = {55CA8DB3-5F90-4B43-BED1-4D4DE23143A1}
		{A8549F81-52DC-490D-8D42-BF70939CF963} = {55CA8DB3-5F90-4B43-BED1-4D4DE23143A1}
		{A8549F81-8888-490D-8D42-BF70939CF003} = {55CA8DB3-5F90-4B43-BED1-4D4DE23143A1}
		{A8549F81-8888-490D-8D42-BF70939CF004} = {55CA8DB3-5F90-4B43-BED1-4D4DE23143A1}
		{A8549F81-8888-490D-8D42-BF70939CF005} = {55CA8DB3-5F90-4B43-BED1-4D4DE23143A1}
		{A8549F81-8888-490D-8D42-BF70939CF006} = {55CA8DB3-5F90-4B43-BED1-4D4DE23143A1}
		{A8549F81-8888-490D-8D42-BF70939CF007} = {55CA8DB3-5F90-4B43-BED1-4D4DE23143A1}
		{A8549F81-8888-490D-8D42-BF70939CF008} = {55CA8DB3-5F90-4B43-BED1-4D4DE23143A1}
		{A8549F81-8888-490D-8D42-BF70939CF009} = {55CA8DB3-5F90-4B43-BED1-4D4DE23143A1}
		{A8549F81-8888-490D-8D42-BF70939CF010} = {55CA8DB3-5F90-4B43-BED1-4D4DE23143A1}
		{A8549F81-8888-490D-8D42-BF70939CF011} = {55CA8DB3-5F90-4B43-BED1-4D4DE23143A1}
		{A8549F81-8888-490D-8D42-BF70939CF012} = {55CA8DB3-5F90-4B43-BED1-4D4DE23143A1}
		{A8549F81-8888-490D-8D42-BF70939CF013} = {55CA8DB3-5F90-4B43-BED1-4D4DE23143A1}
		{4880A4A6-8888-4A22-910F-F65223B5C014} = {55CA8DB3-5F90-4B43-BED1-4D4DE23143A1}
		{4880A4A6-8888-4A22-910F-F65223B5C015} = {55CA8DB3-5F90-4B43-BED1-4D4DE23143A1}
		{4880A4A6-8888-4A22-910F-F65223B5C016} = {55CA8DB3-5F90-4B43-BED1-4D4DE23143A1}
		{4880A4A6-8888-4A22-910F-F65223B5C017} = {55CA8DB3-5F90-4B43-BED1-4D4DE23143A1}
		{4880A4A6-8888-4A22-910F-F65223B5C018} = {55CA8DB3-5F90-4B43-BED1-4D4DE23143A1}
		{4880A4A6-8888-4A22-910F-F65223B5C019} = {55CA8DB3-5F90-4B43-BED1-4D4DE23143A1}
		{4880A4A6-8888-4A22-910F-F65223B5C020} = {55CA8DB3-5F90-4B43-BED1-4D4DE23143A1}
		{4880A4A6-8888-4A22-910F-F65223B5C200} = {5422D8A0-0AAC-4EC3-8A0C-C495BD52183F}
		{4880A4A6-8888-4A22-910F-F65223B5C201} = {5422D8A0-0AAC-4EC3-8A0C-C495BD52183F}
		{4880A4A6-8888-4A22-910F-F65223B5C202} = {5422D8A0-0AAC-4EC3-8A0C-C495BD52183F}
		{4880A4A6-8888-4A22-910F-F65223B5C203} = {5422D8A0-0AAC-4EC3-8A0C-C495BD52183F}
		{4880A4A6-8888-4A22-910F-F65223B5C204} = {5422D8A0-0AAC-4EC3-8A0C-C495BD52183F}
		{4880A4A6-8888-4A22-910F-F65223B5C205} = {5422D8A0-0AAC-4EC3-8A0C-C495BD52183F}
		{4880A4A6-8888-4A22-910F-F65223B5C206} = {5422D8A0-0AAC-4EC3-8A0C-C495BD52183F}
		{4880A4A6-8888-4A22-910F-F65223B5C207} = {5422D8A0-0AAC-4EC3-8A0C-C495BD52183F}
		{4880A4A6-8888-4A22-910F-F65223B5C208} = {5422D8A0-0AAC-4EC3-8A0C-C495BD52183F}
		{4880A4A6-8888-4A22-910F-F65223B5C209} = {5422D8A0-0AAC-4EC3-8A0C-C495BD52183F}
		{4880A4A6-8888-4A22-910F-F65223B5C210} = {5422D8A0-0AAC-4EC3-8A0C-C495BD52183F}
		{4880A4A6-8888-4A22-910F-F65223B5C300} = {494096C8-5119-43F4-B76A-F98914812997}
		{4880A4A6-8888-4A22-910F-F65223B5C301} = {494096C8-5119-43F4-B76A-F98914812997}
		{4880A4A6-8888-4A22-910F-F65223B5C302} = {494096C8-5119-43F4-B76A-F98914812997}
		{4880A4A6-8888-4A22-910F-F65223B5C303} = {494096C8-5119-43F4-B76A-F98914812997}
		{4880A4A6-8888-4A22-910F-F65223B5C304} = {494096C8-5119-43F4-B76A-F98914812997}
		{4880A4A6-8888-4A22-910F-F65223B5C305} = {494096C8-5119-43F4-B76A-F98914812997}
		{4880A4A6-8888-4A22-910F-F65223B5C306} = {494096C8-5119-43F4-B76A-F98914812997}
		{4880A4A6-8888-4A22-910F-F65223B5C307} = {494096C8-5119-43F4-B76A-F98914812997}
		{4880A4A6-8888-4A22-910F-F65223B5C308} = {494096C8-5119-43F4-B76A-F98914812997}
		{4880A4A6-8888-4A22-910F-F65223B5C309} = {494096C8-5119-43F4-B76A-F98914812997}
		{4880A4A6-8888-4A22-910F-F65223B5C310} = {494096C8-5119-43F4-B76A-F98914812997}
		{4880A4A6-8888-4A22-910F-F65223B5C311} = {494096C8-5119-43F4-B76A-F98914812997}
		{4880A4A6-8888-4A22-910F-F65223B5C312} = {494096C8-5119-43F4-B76A-F98914812997}
		{4880A4A6-8888-4A22-910F-F65223B5C400} = {28E98877-40C3-4A14-9092-BF84E18AFCDC}
		{E570B8A2-23D9-4A3B-A39B-4D052201C402} = {28E98877-40C3-4A14-9092-BF84E18AFCDC}
		{4880A4A6-8888-4A22-910F-F65223B5C401} = {28E98877-40C3-4A14-9092-BF84E18AFCDC}
		{4880A4A6-8888-4A22-910F-F65223B5C403} = {28E98877-40C3-4A14-9092-BF84E18AFCDC}
		{4880A4A6-8888-4A22-910F-F65223B5C404} = {28E98877-40C3-4A14-9092-BF84E18AFCDC}
		{4880A4A6-8888-4A22-910F-F65223B5C405} = {28E98877-40C3-4A14-9092-BF84E18AFCDC}
		{4880A4A6-8888-8A22-910F-F65223B5C406} = {28E98877-40C3-4A14-9092-BF84E18AFCDC}
		{4880A4A6-8888-8A22-910F-F65223B5C407} = {28E98877-40C3-4A14-9092-BF84E18AFCDC}
		{4880A4A6-8888-8A22-910F-F65223B5C408} = {28E98877-40C3-4A14-9092-BF84E18AFCDC}
		{4880A4A6-8888-8A22-910F-F65223B5C409} = {28E98877-40C3-4A14-9092-BF84E18AFCDC}
		{4880A4A6-8888-8A22-910F-F65223B5C500} = {4A900D39-24B8-43A6-8597-2588DC378AC4}
		{4880A4A6-8888-8A22-910F-F65223B5C501} = {4A900D39-24B8-43A6-8597-2588DC378AC4}
		{4880A4A6-8888-8A22-910F-F65223B5C502} = {4A900D39-24B8-43A6-8597-2588DC378AC4}
		{4880A4A6-8888-8A22-910F-F65223B5C503} = {4A900D39-24B8-43A6-8597-2588DC378AC4}
		{4880A4A6-8888-8A22-910F-F65223B5C505} = {4A900D39-24B8-43A6-8597-2588DC378AC4}
		{4880A4A6-8888-8A22-910F-F65223B5C504} = {4A900D39-24B8-43A6-8597-2588DC378AC4}
	EndGlobalSection
EndGlobal
