<?xml version="1.0" encoding="utf-8"?>
<Project ToolsVersion="4.0" xmlns="http://schemas.microsoft.com/developer/msbuild/2003">
  <ItemGroup>
    <Filter Include="源文件">
      <UniqueIdentifier>{4FC737F1-C7A5-4376-A066-2A32D752A2FF}</UniqueIdentifier>
      <Extensions>cpp;c;cc;cxx;def;odl;idl;hpj;bat;asm;asmx</Extensions>
    </Filter>
    <Filter Include="头文件">
      <UniqueIdentifier>{93995380-89BD-4b04-88EB-625FBE52EBFB}</UniqueIdentifier>
      <Extensions>h;hh;hpp;hxx;hm;inl;inc;xsd</Extensions>
    </Filter>
    <Filter Include="资源文件">
      <UniqueIdentifier>{67DA6AB6-F800-4c08-8B7A-83BB121AAD01}</UniqueIdentifier>
      <Extensions>rc;ico;cur;bmp;dlg;rc2;rct;bin;rgs;gif;jpg;jpeg;jpe;resx;tiff;tif;png;wav;mfcribbon-ms</Extensions>
    </Filter>
    <Filter Include="math3d">
      <UniqueIdentifier>{5beb3b54-3917-4b0d-93bd-69d0ef631e23}</UniqueIdentifier>
    </Filter>
    <Filter Include="ogldev">
      <UniqueIdentifier>{3f22f8fd-ffc9-4991-8d09-3e477f26756d}</UniqueIdentifier>
    </Filter>
    <Filter Include="ogldev\assimp">
      <UniqueIdentifier>{19a653cb-8957-415f-afe6-18f6dd26246b}</UniqueIdentifier>
    </Filter>
  </ItemGroup>
  <ItemGroup>
    <ClInclude Include="util\compat.hxx">
      <Filter>头文件</Filter>
    </ClInclude>
    <ClInclude Include="util\util.h">
      <Filter>头文件</Filter>
    </ClInclude>
    <ClInclude Include="stdafx.h">
      <Filter>头文件</Filter>
    </ClInclude>
    <ClInclude Include="util\math3d\math3d.h">
      <Filter>math3d</Filter>
    </ClInclude>
    <ClInclude Include="util\ogldev_math_3d\ogldev_math_3d.h">
      <Filter>ogldev</Filter>
    </ClInclude>
    <ClInclude Include="util\ogldev\ogldev_util.h">
      <Filter>ogldev</Filter>
    </ClInclude>
  </ItemGroup>
  <ItemGroup>
    <ClCompile Include="util\math3d\math3d.cpp">
      <Filter>math3d</Filter>
    </ClCompile>
    <ClCompile Include="util\ogldev\ogldev_util.cpp">
      <Filter>ogldev</Filter>
    </ClCompile>
  </ItemGroup>
</Project>