
Microsoft Visual Studio Solution File, Format Version 12.00
# Visual Studio 2013
VisualStudioVersion = 12.0.21005.1
MinimumVisualStudioVersion = 10.0.40219.1
Project("{2150E333-8FDC-42A3-9474-1A3956D46DE8}") = "1_进程", "1_进程", "{E8B8AD2F-1929-49C6-BA6B-7BD0C625EFBA}"
EndProject
Project("{2150E333-8FDC-42A3-9474-1A3956D46DE8}") = "2_线程", "2_线程", "{0C0AC01F-3FBF-44F8-A8F0-ADBF54E211DB}"
EndProject
Project("{8BC9CEB8-8B4A-11D0-8D11-00A0C91BC942}") = "1_进程", "1_进程\1_进程.vcxproj", "{D41BDE1F-68E1-46BD-9197-DBD01913A37A}"
EndProject
Project("{8BC9CEB8-8B4A-11D0-8D11-00A0C91BC942}") = "1_线程和事件", "1_线程和事件\1_线程和事件.vcxproj", "{C5B6812C-96F0-48EA-81BB-00B0B7A14E03}"
EndProject
Project("{8BC9CEB8-8B4A-11D0-8D11-00A0C91BC942}") = "2_CreateEvent1", "2_CreateEvent1\2_CreateEvent1.vcxproj", "{BDD262AA-E4F7-487C-A885-A0B2CC816124}"
EndProject
Global
	GlobalSection(SolutionConfigurationPlatforms) = preSolution
		Debug|Win32 = Debug|Win32
		Release|Win32 = Release|Win32
	EndGlobalSection
	GlobalSection(ProjectConfigurationPlatforms) = postSolution
		{D41BDE1F-68E1-46BD-9197-DBD01913A37A}.Debug|Win32.ActiveCfg = Debug|Win32
		{D41BDE1F-68E1-46BD-9197-DBD01913A37A}.Debug|Win32.Build.0 = Debug|Win32
		{D41BDE1F-68E1-46BD-9197-DBD01913A37A}.Release|Win32.ActiveCfg = Release|Win32
		{D41BDE1F-68E1-46BD-9197-DBD01913A37A}.Release|Win32.Build.0 = Release|Win32
		{C5B6812C-96F0-48EA-81BB-00B0B7A14E03}.Debug|Win32.ActiveCfg = Debug|Win32
		{C5B6812C-96F0-48EA-81BB-00B0B7A14E03}.Debug|Win32.Build.0 = Debug|Win32
		{C5B6812C-96F0-48EA-81BB-00B0B7A14E03}.Release|Win32.ActiveCfg = Release|Win32
		{C5B6812C-96F0-48EA-81BB-00B0B7A14E03}.Release|Win32.Build.0 = Release|Win32
		{BDD262AA-E4F7-487C-A885-A0B2CC816124}.Debug|Win32.ActiveCfg = Debug|Win32
		{BDD262AA-E4F7-487C-A885-A0B2CC816124}.Debug|Win32.Build.0 = Debug|Win32
		{BDD262AA-E4F7-487C-A885-A0B2CC816124}.Release|Win32.ActiveCfg = Release|Win32
		{BDD262AA-E4F7-487C-A885-A0B2CC816124}.Release|Win32.Build.0 = Release|Win32
	EndGlobalSection
	GlobalSection(SolutionProperties) = preSolution
		HideSolutionNode = FALSE
	EndGlobalSection
	GlobalSection(NestedProjects) = preSolution
		{D41BDE1F-68E1-46BD-9197-DBD01913A37A} = {E8B8AD2F-1929-49C6-BA6B-7BD0C625EFBA}
		{C5B6812C-96F0-48EA-81BB-00B0B7A14E03} = {0C0AC01F-3FBF-44F8-A8F0-ADBF54E211DB}
		{BDD262AA-E4F7-487C-A885-A0B2CC816124} = {0C0AC01F-3FBF-44F8-A8F0-ADBF54E211DB}
	EndGlobalSection
EndGlobal
