
Microsoft Visual Studio Solution File, Format Version 12.00
# Visual Studio 2013
VisualStudioVersion = 12.0.21005.1
MinimumVisualStudioVersion = 10.0.40219.1
Project("{8BC9CEB8-8B4A-11D0-8D11-00A0C91BC942}") = "DuiDesigner", "DuiDesigner\DuiDesigner.vcxproj", "{8CC28A8B-CD88-44A7-8994-066CCD8938CB}"
	ProjectSection(ProjectDependencies) = postProject
		{E106ACD7-4E53-4AEE-942B-D0DD426DB34E} = {E106ACD7-4E53-4AEE-942B-D0DD426DB34E}
	EndProjectSection
EndProject
Project("{8BC9CEB8-8B4A-11D0-8D11-00A0C91BC942}") = "DuiLib", "DuiLib\DuiLib.vcxproj", "{E106ACD7-4E53-4AEE-942B-D0DD426DB34E}"
EndProject
Project("{2150E333-8FDC-42A3-9474-1A3956D46DE8}") = "duilib_demo", "duilib_demo", "{E2D1E82A-A2FE-471C-84EC-9019F50C9540}"
EndProject
Project("{8BC9CEB8-8B4A-11D0-8D11-00A0C91BC942}") = "01_window", "demo\01_window\01_window.vcxproj", "{BE9FE87D-907A-4791-A5A4-3299BC476528}"
	ProjectSection(ProjectDependencies) = postProject
		{E106ACD7-4E53-4AEE-942B-D0DD426DB34E} = {E106ACD7-4E53-4AEE-942B-D0DD426DB34E}
	EndProjectSection
EndProject
Project("{8BC9CEB8-8B4A-11D0-8D11-00A0C91BC942}") = "02_window", "demo\02_window\02_window.vcxproj", "{D994A1ED-D453-4223-BB6C-55A50346712D}"
EndProject
Project("{8BC9CEB8-8B4A-11D0-8D11-00A0C91BC942}") = "03_自绘标题栏", "demo\03_自绘标题栏\03_自绘标题栏.vcxproj", "{FEAF3CDA-D29B-4D3D-B43E-F6DCFAEB8147}"
EndProject
Project("{8BC9CEB8-8B4A-11D0-8D11-00A0C91BC942}") = "04_xml", "demo\04_xml\04_xml.vcxproj", "{F418C00C-B618-4FA9-A1D6-96B20DB6B5E9}"
EndProject
Project("{8BC9CEB8-8B4A-11D0-8D11-00A0C91BC942}") = "05_xml_hello", "demo\05_xml_hello\05_xml_hello.vcxproj", "{38AE9DEF-DBBC-40F2-B8C3-AA92A9575495}"
EndProject
Project("{8BC9CEB8-8B4A-11D0-8D11-00A0C91BC942}") = "06_xml_自绘标题栏", "demo\06_xml_自绘标题栏\06_xml_自绘标题栏.vcxproj", "{631203A4-FABE-424E-8867-CB494C2EDB73}"
EndProject
Global
	GlobalSection(SolutionConfigurationPlatforms) = preSolution
		Debug|Win32 = Debug|Win32
		Release|Win32 = Release|Win32
		UnicodeDebug|Win32 = UnicodeDebug|Win32
		UnicodeRelease|Win32 = UnicodeRelease|Win32
	EndGlobalSection
	GlobalSection(ProjectConfigurationPlatforms) = postSolution
		{8CC28A8B-CD88-44A7-8994-066CCD8938CB}.Debug|Win32.ActiveCfg = UnicodeDebug|Win32
		{8CC28A8B-CD88-44A7-8994-066CCD8938CB}.Debug|Win32.Build.0 = UnicodeDebug|Win32
		{8CC28A8B-CD88-44A7-8994-066CCD8938CB}.Release|Win32.ActiveCfg = UnicodeRelease|Win32
		{8CC28A8B-CD88-44A7-8994-066CCD8938CB}.Release|Win32.Build.0 = UnicodeRelease|Win32
		{8CC28A8B-CD88-44A7-8994-066CCD8938CB}.UnicodeDebug|Win32.ActiveCfg = UnicodeDebug|Win32
		{8CC28A8B-CD88-44A7-8994-066CCD8938CB}.UnicodeDebug|Win32.Build.0 = UnicodeDebug|Win32
		{8CC28A8B-CD88-44A7-8994-066CCD8938CB}.UnicodeRelease|Win32.ActiveCfg = UnicodeRelease|Win32
		{8CC28A8B-CD88-44A7-8994-066CCD8938CB}.UnicodeRelease|Win32.Build.0 = UnicodeRelease|Win32
		{E106ACD7-4E53-4AEE-942B-D0DD426DB34E}.Debug|Win32.ActiveCfg = Debug|Win32
		{E106ACD7-4E53-4AEE-942B-D0DD426DB34E}.Debug|Win32.Build.0 = Debug|Win32
		{E106ACD7-4E53-4AEE-942B-D0DD426DB34E}.Release|Win32.ActiveCfg = Release|Win32
		{E106ACD7-4E53-4AEE-942B-D0DD426DB34E}.Release|Win32.Build.0 = Release|Win32
		{E106ACD7-4E53-4AEE-942B-D0DD426DB34E}.UnicodeDebug|Win32.ActiveCfg = UnicodeDebug|Win32
		{E106ACD7-4E53-4AEE-942B-D0DD426DB34E}.UnicodeDebug|Win32.Build.0 = UnicodeDebug|Win32
		{E106ACD7-4E53-4AEE-942B-D0DD426DB34E}.UnicodeRelease|Win32.ActiveCfg = UnicodeRelease|Win32
		{E106ACD7-4E53-4AEE-942B-D0DD426DB34E}.UnicodeRelease|Win32.Build.0 = UnicodeRelease|Win32
		{BE9FE87D-907A-4791-A5A4-3299BC476528}.Debug|Win32.ActiveCfg = Debug|Win32
		{BE9FE87D-907A-4791-A5A4-3299BC476528}.Debug|Win32.Build.0 = Debug|Win32
		{BE9FE87D-907A-4791-A5A4-3299BC476528}.Release|Win32.ActiveCfg = Release|Win32
		{BE9FE87D-907A-4791-A5A4-3299BC476528}.Release|Win32.Build.0 = Release|Win32
		{BE9FE87D-907A-4791-A5A4-3299BC476528}.UnicodeDebug|Win32.ActiveCfg = Debug|Win32
		{BE9FE87D-907A-4791-A5A4-3299BC476528}.UnicodeDebug|Win32.Build.0 = Debug|Win32
		{BE9FE87D-907A-4791-A5A4-3299BC476528}.UnicodeRelease|Win32.ActiveCfg = Release|Win32
		{BE9FE87D-907A-4791-A5A4-3299BC476528}.UnicodeRelease|Win32.Build.0 = Release|Win32
		{D994A1ED-D453-4223-BB6C-55A50346712D}.Debug|Win32.ActiveCfg = Debug|Win32
		{D994A1ED-D453-4223-BB6C-55A50346712D}.Debug|Win32.Build.0 = Debug|Win32
		{D994A1ED-D453-4223-BB6C-55A50346712D}.Release|Win32.ActiveCfg = Release|Win32
		{D994A1ED-D453-4223-BB6C-55A50346712D}.Release|Win32.Build.0 = Release|Win32
		{D994A1ED-D453-4223-BB6C-55A50346712D}.UnicodeDebug|Win32.ActiveCfg = Debug|Win32
		{D994A1ED-D453-4223-BB6C-55A50346712D}.UnicodeDebug|Win32.Build.0 = Debug|Win32
		{D994A1ED-D453-4223-BB6C-55A50346712D}.UnicodeRelease|Win32.ActiveCfg = Release|Win32
		{D994A1ED-D453-4223-BB6C-55A50346712D}.UnicodeRelease|Win32.Build.0 = Release|Win32
		{FEAF3CDA-D29B-4D3D-B43E-F6DCFAEB8147}.Debug|Win32.ActiveCfg = Debug|Win32
		{FEAF3CDA-D29B-4D3D-B43E-F6DCFAEB8147}.Debug|Win32.Build.0 = Debug|Win32
		{FEAF3CDA-D29B-4D3D-B43E-F6DCFAEB8147}.Release|Win32.ActiveCfg = Release|Win32
		{FEAF3CDA-D29B-4D3D-B43E-F6DCFAEB8147}.Release|Win32.Build.0 = Release|Win32
		{FEAF3CDA-D29B-4D3D-B43E-F6DCFAEB8147}.UnicodeDebug|Win32.ActiveCfg = Debug|Win32
		{FEAF3CDA-D29B-4D3D-B43E-F6DCFAEB8147}.UnicodeDebug|Win32.Build.0 = Debug|Win32
		{FEAF3CDA-D29B-4D3D-B43E-F6DCFAEB8147}.UnicodeRelease|Win32.ActiveCfg = Release|Win32
		{FEAF3CDA-D29B-4D3D-B43E-F6DCFAEB8147}.UnicodeRelease|Win32.Build.0 = Release|Win32
		{F418C00C-B618-4FA9-A1D6-96B20DB6B5E9}.Debug|Win32.ActiveCfg = Debug|Win32
		{F418C00C-B618-4FA9-A1D6-96B20DB6B5E9}.Debug|Win32.Build.0 = Debug|Win32
		{F418C00C-B618-4FA9-A1D6-96B20DB6B5E9}.Release|Win32.ActiveCfg = Release|Win32
		{F418C00C-B618-4FA9-A1D6-96B20DB6B5E9}.Release|Win32.Build.0 = Release|Win32
		{F418C00C-B618-4FA9-A1D6-96B20DB6B5E9}.UnicodeDebug|Win32.ActiveCfg = Debug|Win32
		{F418C00C-B618-4FA9-A1D6-96B20DB6B5E9}.UnicodeDebug|Win32.Build.0 = Debug|Win32
		{F418C00C-B618-4FA9-A1D6-96B20DB6B5E9}.UnicodeRelease|Win32.ActiveCfg = Release|Win32
		{F418C00C-B618-4FA9-A1D6-96B20DB6B5E9}.UnicodeRelease|Win32.Build.0 = Release|Win32
		{38AE9DEF-DBBC-40F2-B8C3-AA92A9575495}.Debug|Win32.ActiveCfg = Debug|Win32
		{38AE9DEF-DBBC-40F2-B8C3-AA92A9575495}.Debug|Win32.Build.0 = Debug|Win32
		{38AE9DEF-DBBC-40F2-B8C3-AA92A9575495}.Release|Win32.ActiveCfg = Release|Win32
		{38AE9DEF-DBBC-40F2-B8C3-AA92A9575495}.Release|Win32.Build.0 = Release|Win32
		{38AE9DEF-DBBC-40F2-B8C3-AA92A9575495}.UnicodeDebug|Win32.ActiveCfg = Debug|Win32
		{38AE9DEF-DBBC-40F2-B8C3-AA92A9575495}.UnicodeDebug|Win32.Build.0 = Debug|Win32
		{38AE9DEF-DBBC-40F2-B8C3-AA92A9575495}.UnicodeRelease|Win32.ActiveCfg = Release|Win32
		{38AE9DEF-DBBC-40F2-B8C3-AA92A9575495}.UnicodeRelease|Win32.Build.0 = Release|Win32
		{631203A4-FABE-424E-8867-CB494C2EDB73}.Debug|Win32.ActiveCfg = Debug|Win32
		{631203A4-FABE-424E-8867-CB494C2EDB73}.Debug|Win32.Build.0 = Debug|Win32
		{631203A4-FABE-424E-8867-CB494C2EDB73}.Release|Win32.ActiveCfg = Release|Win32
		{631203A4-FABE-424E-8867-CB494C2EDB73}.Release|Win32.Build.0 = Release|Win32
		{631203A4-FABE-424E-8867-CB494C2EDB73}.UnicodeDebug|Win32.ActiveCfg = Debug|Win32
		{631203A4-FABE-424E-8867-CB494C2EDB73}.UnicodeDebug|Win32.Build.0 = Debug|Win32
		{631203A4-FABE-424E-8867-CB494C2EDB73}.UnicodeRelease|Win32.ActiveCfg = Release|Win32
		{631203A4-FABE-424E-8867-CB494C2EDB73}.UnicodeRelease|Win32.Build.0 = Release|Win32
	EndGlobalSection
	GlobalSection(SolutionProperties) = preSolution
		HideSolutionNode = FALSE
	EndGlobalSection
	GlobalSection(NestedProjects) = preSolution
		{BE9FE87D-907A-4791-A5A4-3299BC476528} = {E2D1E82A-A2FE-471C-84EC-9019F50C9540}
		{D994A1ED-D453-4223-BB6C-55A50346712D} = {E2D1E82A-A2FE-471C-84EC-9019F50C9540}
		{FEAF3CDA-D29B-4D3D-B43E-F6DCFAEB8147} = {E2D1E82A-A2FE-471C-84EC-9019F50C9540}
		{F418C00C-B618-4FA9-A1D6-96B20DB6B5E9} = {E2D1E82A-A2FE-471C-84EC-9019F50C9540}
		{38AE9DEF-DBBC-40F2-B8C3-AA92A9575495} = {E2D1E82A-A2FE-471C-84EC-9019F50C9540}
		{631203A4-FABE-424E-8867-CB494C2EDB73} = {E2D1E82A-A2FE-471C-84EC-9019F50C9540}
	EndGlobalSection
EndGlobal
